
Microsoft Visual Studio Solution File, Format Version 12.00
# Visual Studio Version 17
VisualStudioVersion = 17.2.32526.322
MinimumVisualStudioVersion = 10.0.40219.1
Project("{9A19103F-16F7-4668-BE54-9A1E7A4F7556}") = "completeAPI", "completeAPI.csproj", "{58D2CAF4-E526-4A6E-875D-1DA0046365E8}"
EndProject
Project("{9A19103F-16F7-4668-BE54-9A1E7A4F7556}") = "ProjectTests", "..\ProjectTests\ProjectTests.csproj", "{38CB3ED8-56A9-413F-90CC-A1C0EAD9C860}"
EndProject
Global
	GlobalSection(SolutionConfigurationPlatforms) = preSolution
		Debug|Any CPU = Debug|Any CPU
		Release|Any CPU = Release|Any CPU
	EndGlobalSection
	GlobalSection(ProjectConfigurationPlatforms) = postSolution
		{58D2CAF4-E526-4A6E-875D-1DA0046365E8}.Debug|Any CPU.ActiveCfg = Debug|Any CPU
		{58D2CAF4-E526-4A6E-875D-1DA0046365E8}.Debug|Any CPU.Build.0 = Debug|Any CPU
		{58D2CAF4-E526-4A6E-875D-1DA0046365E8}.Release|Any CPU.ActiveCfg = Release|Any CPU
		{58D2CAF4-E526-4A6E-875D-1DA0046365E8}.Release|Any CPU.Build.0 = Release|Any CPU
		{38CB3ED8-56A9-413F-90CC-A1C0EAD9C860}.Debug|Any CPU.ActiveCfg = Debug|Any CPU
		{38CB3ED8-56A9-413F-90CC-A1C0EAD9C860}.Debug|Any CPU.Build.0 = Debug|Any CPU
		{38CB3ED8-56A9-413F-90CC-A1C0EAD9C860}.Release|Any CPU.ActiveCfg = Release|Any CPU
		{38CB3ED8-56A9-413F-90CC-A1C0EAD9C860}.Release|Any CPU.Build.0 = Release|Any CPU
	EndGlobalSection
	GlobalSection(SolutionProperties) = preSolution
		HideSolutionNode = FALSE
	EndGlobalSection
	GlobalSection(ExtensibilityGlobals) = postSolution
		SolutionGuid = {701B8503-1760-48EA-9501-0C2CE61E2658}
	EndGlobalSection
EndGlobal
